
Microsoft Visual Studio Solution File, Format Version 12.00
# Visual Studio Version 17
VisualStudioVersion = 17.8.34511.84
MinimumVisualStudioVersion = 10.0.40219.1
Project("{FAE04EC0-301F-11D3-BF4B-00C04F79EFBC}") = "ecommerce", "ecommerce\ecommerce.csproj", "{26D0BF42-967A-4815-B872-792CC9CDD8E9}"
EndProject
Global
	GlobalSection(SolutionConfigurationPlatforms) = preSolution
		Debug|Any CPU = Debug|Any CPU
		Release|Any CPU = Release|Any CPU
	EndGlobalSection
	GlobalSection(ProjectConfigurationPlatforms) = postSolution
		{26D0BF42-967A-4815-B872-792CC9CDD8E9}.Debug|Any CPU.ActiveCfg = Debug|Any CPU
		{26D0BF42-967A-4815-B872-792CC9CDD8E9}.Debug|Any CPU.Build.0 = Debug|Any CPU
		{26D0BF42-967A-4815-B872-792CC9CDD8E9}.Release|Any CPU.ActiveCfg = Release|Any CPU
		{26D0BF42-967A-4815-B872-792CC9CDD8E9}.Release|Any CPU.Build.0 = Release|Any CPU
	EndGlobalSection
	GlobalSection(SolutionProperties) = preSolution
		HideSolutionNode = FALSE
	EndGlobalSection
	GlobalSection(ExtensibilityGlobals) = postSolution
		SolutionGuid = {1C0639CD-67FE-4F47-8879-C41EC502E5D4}
	EndGlobalSection
EndGlobal
